
Microsoft Visual Studio Solution File, Format Version 12.00
# Visual Studio Version 17
VisualStudioVersion = 17.2.32602.215
MinimumVisualStudioVersion = 10.0.40219.1
Project("{FAE04EC0-301F-11D3-BF4B-00C04F79EFBC}") = "Paging", "Paging\Paging.csproj", "{3F3210F9-D518-4899-AF05-57E32C39025A}"
EndProject
Project("{FAE04EC0-301F-11D3-BF4B-00C04F79EFBC}") = "Paging.Tests", "Paging.Tests\Paging.Tests.csproj", "{479798A0-732B-42B8-B5B9-93829D35C0FD}"
EndProject
Global
	GlobalSection(SolutionConfigurationPlatforms) = preSolution
		Debug|Any CPU = Debug|Any CPU
		Release|Any CPU = Release|Any CPU
	EndGlobalSection
	GlobalSection(ProjectConfigurationPlatforms) = postSolution
		{3F3210F9-D518-4899-AF05-57E32C39025A}.Debug|Any CPU.ActiveCfg = Debug|Any CPU
		{3F3210F9-D518-4899-AF05-57E32C39025A}.Debug|Any CPU.Build.0 = Debug|Any CPU
		{3F3210F9-D518-4899-AF05-57E32C39025A}.Release|Any CPU.ActiveCfg = Release|Any CPU
		{3F3210F9-D518-4899-AF05-57E32C39025A}.Release|Any CPU.Build.0 = Release|Any CPU
		{479798A0-732B-42B8-B5B9-93829D35C0FD}.Debug|Any CPU.ActiveCfg = Debug|Any CPU
		{479798A0-732B-42B8-B5B9-93829D35C0FD}.Debug|Any CPU.Build.0 = Debug|Any CPU
		{479798A0-732B-42B8-B5B9-93829D35C0FD}.Release|Any CPU.ActiveCfg = Release|Any CPU
		{479798A0-732B-42B8-B5B9-93829D35C0FD}.Release|Any CPU.Build.0 = Release|Any CPU
	EndGlobalSection
	GlobalSection(SolutionProperties) = preSolution
		HideSolutionNode = FALSE
	EndGlobalSection
	GlobalSection(ExtensibilityGlobals) = postSolution
		SolutionGuid = {0F09D23A-9335-420F-BD63-3A3CA51A3ABF}
	EndGlobalSection
EndGlobal
